
Microsoft Visual Studio Solution File, Format Version 12.00
# Visual Studio Version 16
VisualStudioVersion = 16.0.31205.134
MinimumVisualStudioVersion = 10.0.40219.1
Project("{9A19103F-16F7-4668-BE54-9A1E7A4F7556}") = "Testing", "Testing\Testing.csproj", "{848F637C-6810-46F7-AAF4-F83D75FB9DCA}"
EndProject
Project("{9A19103F-16F7-4668-BE54-9A1E7A4F7556}") = "QueuedJobs.Library", "QueuedJobs.Library\QueuedJobs.Library.csproj", "{14FE12DE-914E-4C39-9D97-2E2ED597B3AB}"
EndProject
Project("{9A19103F-16F7-4668-BE54-9A1E7A4F7556}") = "Notification.Demo", "Notification.Demo\Notification.Demo.csproj", "{55584620-5D06-46E1-A28C-49EA89878AB2}"
EndProject
Project("{9A19103F-16F7-4668-BE54-9A1E7A4F7556}") = "QueuedJobs.Functions", "QueuedJobs.Functions\QueuedJobs.Functions.csproj", "{D1EDFECE-2233-4763-9A1D-CF75633FC851}"
EndProject
Project("{9A19103F-16F7-4668-BE54-9A1E7A4F7556}") = "Notification.Shared", "Notification.Shared\Notification.Shared.csproj", "{415491EB-9D6B-4C4F-9F4C-A67D37652548}"
EndProject
Global
	GlobalSection(SolutionConfigurationPlatforms) = preSolution
		Debug|Any CPU = Debug|Any CPU
		Release|Any CPU = Release|Any CPU
	EndGlobalSection
	GlobalSection(ProjectConfigurationPlatforms) = postSolution
		{848F637C-6810-46F7-AAF4-F83D75FB9DCA}.Debug|Any CPU.ActiveCfg = Debug|Any CPU
		{848F637C-6810-46F7-AAF4-F83D75FB9DCA}.Debug|Any CPU.Build.0 = Debug|Any CPU
		{848F637C-6810-46F7-AAF4-F83D75FB9DCA}.Release|Any CPU.ActiveCfg = Release|Any CPU
		{848F637C-6810-46F7-AAF4-F83D75FB9DCA}.Release|Any CPU.Build.0 = Release|Any CPU
		{14FE12DE-914E-4C39-9D97-2E2ED597B3AB}.Debug|Any CPU.ActiveCfg = Debug|Any CPU
		{14FE12DE-914E-4C39-9D97-2E2ED597B3AB}.Debug|Any CPU.Build.0 = Debug|Any CPU
		{14FE12DE-914E-4C39-9D97-2E2ED597B3AB}.Release|Any CPU.ActiveCfg = Release|Any CPU
		{14FE12DE-914E-4C39-9D97-2E2ED597B3AB}.Release|Any CPU.Build.0 = Release|Any CPU
		{55584620-5D06-46E1-A28C-49EA89878AB2}.Debug|Any CPU.ActiveCfg = Debug|Any CPU
		{55584620-5D06-46E1-A28C-49EA89878AB2}.Debug|Any CPU.Build.0 = Debug|Any CPU
		{55584620-5D06-46E1-A28C-49EA89878AB2}.Release|Any CPU.ActiveCfg = Release|Any CPU
		{55584620-5D06-46E1-A28C-49EA89878AB2}.Release|Any CPU.Build.0 = Release|Any CPU
		{D1EDFECE-2233-4763-9A1D-CF75633FC851}.Debug|Any CPU.ActiveCfg = Debug|Any CPU
		{D1EDFECE-2233-4763-9A1D-CF75633FC851}.Debug|Any CPU.Build.0 = Debug|Any CPU
		{D1EDFECE-2233-4763-9A1D-CF75633FC851}.Release|Any CPU.ActiveCfg = Release|Any CPU
		{D1EDFECE-2233-4763-9A1D-CF75633FC851}.Release|Any CPU.Build.0 = Release|Any CPU
		{415491EB-9D6B-4C4F-9F4C-A67D37652548}.Debug|Any CPU.ActiveCfg = Debug|Any CPU
		{415491EB-9D6B-4C4F-9F4C-A67D37652548}.Debug|Any CPU.Build.0 = Debug|Any CPU
		{415491EB-9D6B-4C4F-9F4C-A67D37652548}.Release|Any CPU.ActiveCfg = Release|Any CPU
		{415491EB-9D6B-4C4F-9F4C-A67D37652548}.Release|Any CPU.Build.0 = Release|Any CPU
	EndGlobalSection
	GlobalSection(SolutionProperties) = preSolution
		HideSolutionNode = FALSE
	EndGlobalSection
	GlobalSection(ExtensibilityGlobals) = postSolution
		SolutionGuid = {6ECF8578-5604-4469-A0AC-4F18434D490B}
	EndGlobalSection
EndGlobal
